lockfileVersion: "9.0"

settings:
  autoInstallPeers: true
  excludeLinksFromLockfile: false

importers:
  .:
    dependencies:
      dotenv:
        specifier: ^17.4.1
        version: 17.4.1
    devDependencies:
      "@types/node":
        specifier: ^25.5.2
        version: 25.5.2
      prettier:
        specifier: ^3.8.1
        version: 3.8.1

packages:
  "@types/node@25.5.2":
    resolution:
      {
        integrity: sha512-tO4ZIRKNC+MDWV4qKVZe3Ql/woTnmHDr5JD8UI5hn2pwBrHEwOEMZK7WlNb5RKB6EoJ02gwmQS9OrjuFnZYdpg==,
      }

  dotenv@17.4.1:
    resolution:
      {
        integrity: sha512-k8DaKGP6r1G30Lx8V4+pCsLzKr8vLmV2paqEj1Y55GdAgJuIqpRp5FfajGF8KtwMxCz9qJc6wUIJnm053d/WCw==,
      }
    engines: { node: ">=12" }

  prettier@3.8.1:
    resolution:
      {
        integrity: sha512-UOnG6LftzbdaHZcKoPFtOcCKztrQ57WkHDeRD9t/PTQtmT0NHSeWWepj6pS0z/N7+08BHFDQVUrfmfMRcZwbMg==,
      }
    engines: { node: ">=14" }
    hasBin: true

  undici-types@7.18.2:
    resolution:
      {
        integrity: sha512-AsuCzffGHJybSaRrmr5eHr81mwJU3kjw6M+uprWvCXiNeN9SOGwQ3Jn8jb8m3Z6izVgknn1R0FTCEAP2QrLY/w==,
      }

snapshots:
  "@types/node@25.5.2":
    dependencies:
      undici-types: 7.18.2

  dotenv@17.4.1: {}

  prettier@3.8.1: {}

  undici-types@7.18.2: {}
